
Microsoft Visual Studio Solution File, Format Version 12.00
# Visual Studio Version 17
VisualStudioVersion = 17.9.34723.18
MinimumVisualStudioVersion = 10.0.40219.1
Project("{FAE04EC0-301F-11D3-BF4B-00C04F79EFBC}") = "Driving-License-Management", "Driving-License-Management.csproj", "{DDF66803-B2BE-41D0-A5FB-20BFFBF5B03D}"
EndProject
Project("{FAE04EC0-301F-11D3-BF4B-00C04F79EFBC}") = "DVLD_BusinessLayer", "D:\A new beginning 💪\Driving-License-Management\DVLD_BusinessLayer\DVLD_BusinessLayer.csproj", "{04F4CE81-C980-4EA1-9961-82906E8FDF57}"
EndProject
Project("{FAE04EC0-301F-11D3-BF4B-00C04F79EFBC}") = "DVLD_DataAccessLayer", "D:\A new beginning 💪\Driving-License-Management\DVLD_DataAccessLayer\DVLD_DataAccessLayer.csproj", "{3F233167-9C31-46C0-A7B5-D616F5656F26}"
EndProject
Global
	GlobalSection(SolutionConfigurationPlatforms) = preSolution
		Debug|Any CPU = Debug|Any CPU
		Release|Any CPU = Release|Any CPU
	EndGlobalSection
	GlobalSection(ProjectConfigurationPlatforms) = postSolution
		{DDF66803-B2BE-41D0-A5FB-20BFFBF5B03D}.Debug|Any CPU.ActiveCfg = Debug|Any CPU
		{DDF66803-B2BE-41D0-A5FB-20BFFBF5B03D}.Debug|Any CPU.Build.0 = Debug|Any CPU
		{DDF66803-B2BE-41D0-A5FB-20BFFBF5B03D}.Release|Any CPU.ActiveCfg = Release|Any CPU
		{DDF66803-B2BE-41D0-A5FB-20BFFBF5B03D}.Release|Any CPU.Build.0 = Release|Any CPU
		{04F4CE81-C980-4EA1-9961-82906E8FDF57}.Debug|Any CPU.ActiveCfg = Debug|Any CPU
		{04F4CE81-C980-4EA1-9961-82906E8FDF57}.Debug|Any CPU.Build.0 = Debug|Any CPU
		{04F4CE81-C980-4EA1-9961-82906E8FDF57}.Release|Any CPU.ActiveCfg = Release|Any CPU
		{04F4CE81-C980-4EA1-9961-82906E8FDF57}.Release|Any CPU.Build.0 = Release|Any CPU
		{3F233167-9C31-46C0-A7B5-D616F5656F26}.Debug|Any CPU.ActiveCfg = Debug|Any CPU
		{3F233167-9C31-46C0-A7B5-D616F5656F26}.Debug|Any CPU.Build.0 = Debug|Any CPU
		{3F233167-9C31-46C0-A7B5-D616F5656F26}.Release|Any CPU.ActiveCfg = Release|Any CPU
		{3F233167-9C31-46C0-A7B5-D616F5656F26}.Release|Any CPU.Build.0 = Release|Any CPU
	EndGlobalSection
	GlobalSection(SolutionProperties) = preSolution
		HideSolutionNode = FALSE
	EndGlobalSection
	GlobalSection(ExtensibilityGlobals) = postSolution
		SolutionGuid = {14F2A583-7DE2-4ECF-964A-8BF226A0293F}
	EndGlobalSection
EndGlobal
